// !$*UTF8*$!
{
	archiveVersion = 1;
	classes = {
	};
	objectVersion = 50;
	objects = {

/* Begin PBXBuildFile section */
		EE10C13F211E8B5500C8FC79 /* AppDelegate.swift in Sources */ = {isa = PBXBuildFile; fileRef = EE10C13E211E8B5500C8FC79 /* AppDelegate.swift */; };
		EE10C141211E8B5500C8FC79 /* GoalVC.swift in Sources */ = {isa = PBXBuildFile; fileRef = EE10C140211E8B5500C8FC79 /* GoalVC.swift */; };
		EE10C144211E8B5500C8FC79 /* Main.storyboard in Resources */ = {isa = PBXBuildFile; fileRef = EE10C142211E8B5500C8FC79 /* Main.storyboard */; };
		EE10C147211E8B5500C8FC79 /* Goal_Post.xcdatamodeld in Sources */ = {isa = PBXBuildFile; fileRef = EE10C145211E8B5500C8FC79 /* Goal_Post.xcdatamodeld */; };
		EE10C149211E8B5600C8FC79 /* Assets.xcassets in Resources */ = {isa = PBXBuildFile; fileRef = EE10C148211E8B5600C8FC79 /* Assets.xcassets */; };
		EE10C14C211E8B5600C8FC79 /* LaunchScreen.storyboard in Resources */ = {isa = PBXBuildFile; fileRef = EE10C14A211E8B5600C8FC79 /* LaunchScreen.storyboard */; };
		EE10C159211E909600C8FC79 /* GoalCell.swift in Sources */ = {isa = PBXBuildFile; fileRef = EE10C158211E909600C8FC79 /* GoalCell.swift */; };
		EE664075211F0FCA00AD968F /* Enum.swift in Sources */ = {isa = PBXBuildFile; fileRef = EE664074211F0FCA00AD968F /* Enum.swift */; };
		EE664077211F193600AD968F /* CreateGoalVC.swift in Sources */ = {isa = PBXBuildFile; fileRef = EE664076211F193600AD968F /* CreateGoalVC.swift */; };
		EE664079211F27D400AD968F /* UIViewExt.swift in Sources */ = {isa = PBXBuildFile; fileRef = EE664078211F27D400AD968F /* UIViewExt.swift */; };
		EE66407B211F2A4700AD968F /* UIButtonExt.swift in Sources */ = {isa = PBXBuildFile; fileRef = EE66407A211F2A4700AD968F /* UIButtonExt.swift */; };
		EE66407D211F2D0100AD968F /* FinishGoalVC.swift in Sources */ = {isa = PBXBuildFile; fileRef = EE66407C211F2D0100AD968F /* FinishGoalVC.swift */; };
/* End PBXBuildFile section */

/* Begin PBXFileReference section */
		EE10C13B211E8B5500C8FC79 /* Goal-Post.app */ = {isa = PBXFileReference; explicitFileType = wrapper.application; includeInIndex = 0; path = "Goal-Post.app"; sourceTree = BUILT_PRODUCTS_DIR; };
		EE10C13E211E8B5500C8FC79 /* AppDelegate.swift */ = {isa = PBXFileReference; lastKnownFileType = sourcecode.swift; path = AppDelegate.swift; sourceTree = "<group>"; };
		EE10C140211E8B5500C8FC79 /* GoalVC.swift */ = {isa = PBXFileReference; lastKnownFileType = sourcecode.swift; path = GoalVC.swift; sourceTree = "<group>"; };
		EE10C143211E8B5500C8FC79 /* Base */ = {isa = PBXFileReference; lastKnownFileType = file.storyboard; name = Base; path = Base.lproj/Main.storyboard; sourceTree = "<group>"; };
		EE10C146211E8B5500C8FC79 /* Goal_Post.xcdatamodel */ = {isa = PBXFileReference; lastKnownFileType = wrapper.xcdatamodel; path = Goal_Post.xcdatamodel; sourceTree = "<group>"; };
		EE10C148211E8B5600C8FC79 /* Assets.xcassets */ = {isa = PBXFileReference; lastKnownFileType = folder.assetcatalog; path = Assets.xcassets; sourceTree = "<group>"; };
		EE10C14B211E8B5600C8FC79 /* Base */ = {isa = PBXFileReference; lastKnownFileType = file.storyboard; name = Base; path = Base.lproj/LaunchScreen.storyboard; sourceTree = "<group>"; };
		EE10C14D211E8B5600C8FC79 /* Info.plist */ = {isa = PBXFileReference; lastKnownFileType = text.plist.xml; path = Info.plist; sourceTree = "<group>"; };
		EE10C158211E909600C8FC79 /* GoalCell.swift */ = {isa = PBXFileReference; lastKnownFileType = sourcecode.swift; path = GoalCell.swift; sourceTree = "<group>"; };
		EE664074211F0FCA00AD968F /* Enum.swift */ = {isa = PBXFileReference; lastKnownFileType = sourcecode.swift; path = Enum.swift; sourceTree = "<group>"; };
		EE664076211F193600AD968F /* CreateGoalVC.swift */ = {isa = PBXFileReference; lastKnownFileType = sourcecode.swift; path = CreateGoalVC.swift; sourceTree = "<group>"; };
		EE664078211F27D400AD968F /* UIViewExt.swift */ = {isa = PBXFileReference; lastKnownFileType = sourcecode.swift; path = UIViewExt.swift; sourceTree = "<group>"; };
		EE66407A211F2A4700AD968F /* UIButtonExt.swift */ = {isa = PBXFileReference; lastKnownFileType = sourcecode.swift; path = UIButtonExt.swift; sourceTree = "<group>"; };
		EE66407C211F2D0100AD968F /* FinishGoalVC.swift */ = {isa = PBXFileReference; lastKnownFileType = sourcecode.swift; path = FinishGoalVC.swift; sourceTree = "<group>"; };
/* End PBXFileReference section */

/* Begin PBXFrameworksBuildPhase section */
		EE10C138211E8B5500C8FC79 /* Frameworks */ = {
			isa = PBXFrameworksBuildPhase;
			buildActionMask = 2147483647;
			files = (
			);
			runOnlyForDeploymentPostprocessing = 0;
		};
/* End PBXFrameworksBuildPhase section */

/* Begin PBXGroup section */
		EE10C132211E8B5500C8FC79 = {
			isa = PBXGroup;
			children = (
				EE10C13D211E8B5500C8FC79 /* Goal-Post */,
				EE10C13C211E8B5500C8FC79 /* Products */,
			);
			sourceTree = "<group>";
		};
		EE10C13C211E8B5500C8FC79 /* Products */ = {
			isa = PBXGroup;
			children = (
				EE10C13B211E8B5500C8FC79 /* Goal-Post.app */,
			);
			name = Products;
			sourceTree = "<group>";
		};
		EE10C13D211E8B5500C8FC79 /* Goal-Post */ = {
			isa = PBXGroup;
			children = (
				EE664073211F0FB800AD968F /* Enum */,
				EE10C156211E8CCD00C8FC79 /* View */,
				EE10C155211E8CC500C8FC79 /* Model */,
				EE10C154211E8CBE00C8FC79 /* Extension */,
				EE10C153211E8B6300C8FC79 /* Controller */,
				EE10C13E211E8B5500C8FC79 /* AppDelegate.swift */,
				EE10C142211E8B5500C8FC79 /* Main.storyboard */,
				EE10C148211E8B5600C8FC79 /* Assets.xcassets */,
				EE10C14A211E8B5600C8FC79 /* LaunchScreen.storyboard */,
				EE10C14D211E8B5600C8FC79 /* Info.plist */,
			);
			path = "Goal-Post";
			sourceTree = "<group>";
		};
		EE10C153211E8B6300C8FC79 /* Controller */ = {
			isa = PBXGroup;
			children = (
				EE10C140211E8B5500C8FC79 /* GoalVC.swift */,
				EE664076211F193600AD968F /* CreateGoalVC.swift */,
				EE66407C211F2D0100AD968F /* FinishGoalVC.swift */,
			);
			path = Controller;
			sourceTree = "<group>";
		};
		EE10C154211E8CBE00C8FC79 /* Extension */ = {
			isa = PBXGroup;
			children = (
			);
			path = Extension;
			sourceTree = "<group>";
		};
		EE10C155211E8CC500C8FC79 /* Model */ = {
			isa = PBXGroup;
			children = (
				EE10C145211E8B5500C8FC79 /* Goal_Post.xcdatamodeld */,
			);
			path = Model;
			sourceTree = "<group>";
		};
		EE10C156211E8CCD00C8FC79 /* View */ = {
			isa = PBXGroup;
			children = (
				EE10C158211E909600C8FC79 /* GoalCell.swift */,
				EE664078211F27D400AD968F /* UIViewExt.swift */,
				EE66407A211F2A4700AD968F /* UIButtonExt.swift */,
			);
			path = View;
			sourceTree = "<group>";
		};
		EE664073211F0FB800AD968F /* Enum */ = {
			isa = PBXGroup;
			children = (
				EE664074211F0FCA00AD968F /* Enum.swift */,
			);
			path = Enum;
			sourceTree = "<group>";
		};
/* End PBXGroup section */

/* Begin PBXNativeTarget section */
		EE10C13A211E8B5500C8FC79 /* Goal-Post */ = {
			isa = PBXNativeTarget;
			buildConfigurationList = EE10C150211E8B5600C8FC79 /* Build configuration list for PBXNativeTarget "Goal-Post" */;
			buildPhases = (
				EE10C137211E8B5500C8FC79 /* Sources */,
				EE10C138211E8B5500C8FC79 /* Frameworks */,
				EE10C139211E8B5500C8FC79 /* Resources */,
			);
			buildRules = (
			);
			dependencies = (
			);
			name = "Goal-Post";
			productName = "Goal-Post";
			productReference = EE10C13B211E8B5500C8FC79 /* Goal-Post.app */;
			productType = "com.apple.product-type.application";
		};
/* End PBXNativeTarget section */

/* Begin PBXProject section */
		EE10C133211E8B5500C8FC79 /* Project object */ = {
			isa = PBXProject;
			attributes = {
				LastSwiftUpdateCheck = 0940;
				LastUpgradeCheck = 0940;
				ORGANIZATIONNAME = HeinHtet;
				TargetAttributes = {
					EE10C13A211E8B5500C8FC79 = {
						CreatedOnToolsVersion = 9.4;
					};
				};
			};
			buildConfigurationList = EE10C136211E8B5500C8FC79 /* Build configuration list for PBXProject "Goal-Post" */;
			compatibilityVersion = "Xcode 9.3";
			developmentRegion = en;
			hasScannedForEncodings = 0;
			knownRegions = (
				en,
				Base,
			);
			mainGroup = EE10C132211E8B5500C8FC79;
			productRefGroup = EE10C13C211E8B5500C8FC79 /* Products */;
			projectDirPath = "";
			projectRoot = "";
			targets = (
				EE10C13A211E8B5500C8FC79 /* Goal-Post */,
			);
		};
/* End PBXProject section */

/* Begin PBXResourcesBuildPhase section */
		EE10C139211E8B5500C8FC79 /* Resources */ = {
			isa = PBXResourcesBuildPhase;
			buildActionMask = 2147483647;
			files = (
				EE10C14C211E8B5600C8FC79 /* LaunchScreen.storyboard in Resources */,
				EE10C149211E8B5600C8FC79 /* Assets.xcassets in Resources */,
				EE10C144211E8B5500C8FC79 /* Main.storyboard in Resources */,
			);
			runOnlyForDeploymentPostprocessing = 0;
		};
/* End PBXResourcesBuildPhase section */

/* Begin PBXSourcesBuildPhase section */
		EE10C137211E8B5500C8FC79 /* Sources */ = {
			isa = PBXSourcesBuildPhase;
			buildActionMask = 2147483647;
			files = (
				EE664079211F27D400AD968F /* UIViewExt.swift in Sources */,
				EE10C159211E909600C8FC79 /* GoalCell.swift in Sources */,
				EE664077211F193600AD968F /* CreateGoalVC.swift in Sources */,
				EE10C141211E8B5500C8FC79 /* GoalVC.swift in Sources */,
				EE10C13F211E8B5500C8FC79 /* AppDelegate.swift in Sources */,
				EE664075211F0FCA00AD968F /* Enum.swift in Sources */,
				EE10C147211E8B5500C8FC79 /* Goal_Post.xcdatamodeld in Sources */,
				EE66407B211F2A4700AD968F /* UIButtonExt.swift in Sources */,
				EE66407D211F2D0100AD968F /* FinishGoalVC.swift in Sources */,
			);
			runOnlyForDeploymentPostprocessing = 0;
		};
/* End PBXSourcesBuildPhase section */

/* Begin PBXVariantGroup section */
		EE10C142211E8B5500C8FC79 /* Main.storyboard */ = {
			isa = PBXVariantGroup;
			children = (
				EE10C143211E8B5500C8FC79 /* Base */,
			);
			name = Main.storyboard;
			sourceTree = "<group>";
		};
		EE10C14A211E8B5600C8FC79 /* LaunchScreen.storyboard */ = {
			isa = PBXVariantGroup;
			children = (
				EE10C14B211E8B5600C8FC79 /* Base */,
			);
			name = LaunchScreen.storyboard;
			sourceTree = "<group>";
		};
/* End PBXVariantGroup section */

/* Begin XCBuildConfiguration section */
		EE10C14E211E8B5600C8FC79 /* Debug */ = {
			isa = XCBuildConfiguration;
			buildSettings = {
				ALWAYS_SEARCH_USER_PATHS = NO;
				CLANG_ANALYZER_NONNULL = YES;
				CLANG_ANALYZER_NUMBER_OBJECT_CONVERSION = YES_AGGRESSIVE;
				CLANG_CXX_LANGUAGE_STANDARD = "gnu++14";
				CLANG_CXX_LIBRARY = "libc++";
				CLANG_ENABLE_MODULES = YES;
				CLANG_ENABLE_OBJC_ARC = YES;
				CLANG_ENABLE_OBJC_WEAK = YES;
				CLANG_WARN_BLOCK_CAPTURE_AUTORELEASING = YES;
				CLANG_WARN_BOOL_CONVERSION = YES;
				CLANG_WARN_COMMA = YES;
				CLANG_WARN_CONSTANT_CONVERSION = YES;
				CLANG_WARN_DEPRECATED_OBJC_IMPLEMENTATIONS = YES;
				CLANG_WARN_DIRECT_OBJC_ISA_USAGE = YES_ERROR;
				CLANG_WARN_DOCUMENTATION_COMMENTS = YES;
				CLANG_WARN_EMPTY_BODY = YES;
				CLANG_WARN_ENUM_CONVERSION = YES;
				CLANG_WARN_INFINITE_RECURSION = YES;
				CLANG_WARN_INT_CONVERSION = YES;
				CLANG_WARN_NON_LITERAL_NULL_CONVERSION = YES;
				CLANG_WARN_OBJC_IMPLICIT_RETAIN_SELF = YES;
				CLANG_WARN_OBJC_LITERAL_CONVERSION = YES;
				CLANG_WARN_OBJC_ROOT_CLASS = YES_ERROR;
				CLANG_WARN_RANGE_LOOP_ANALYSIS = YES;
				CLANG_WARN_STRICT_PROTOTYPES = YES;
				CLANG_WARN_SUSPICIOUS_MOVE = YES;
				CLANG_WARN_UNGUARDED_AVAILABILITY = YES_AGGRESSIVE;
				CLANG_WARN_UNREACHABLE_CODE = YES;
				CLANG_WARN__DUPLICATE_METHOD_MATCH = YES;
				CODE_SIGN_IDENTITY = "iPhone Developer";
				COPY_PHASE_STRIP = NO;
				DEBUG_INFORMATION_FORMAT = dwarf;
				ENABLE_STRICT_OBJC_MSGSEND = YES;
				ENABLE_TESTABILITY = YES;
				GCC_C_LANGUAGE_STANDARD = gnu11;
				GCC_DYNAMIC_NO_PIC = NO;
				GCC_NO_COMMON_BLOCKS = YES;
				GCC_OPTIMIZATION_LEVEL = 0;
				GCC_PREPROCESSOR_DEFINITIONS = (
					"DEBUG=1",
					"$(inherited)",
				);
				GCC_WARN_64_TO_32_BIT_CONVERSION = YES;
				GCC_WARN_ABOUT_RETURN_TYPE = YES_ERROR;
				GCC_WARN_UNDECLARED_SELECTOR = YES;
				GCC_WARN_UNINITIALIZED_AUTOS = YES_AGGRESSIVE;
				GCC_WARN_UNUSED_FUNCTION = YES;
				GCC_WARN_UNUSED_VARIABLE = YES;
				IPHONEOS_DEPLOYMENT_TARGET = 11.4;
				MTL_ENABLE_DEBUG_INFO = YES;
				ONLY_ACTIVE_ARCH = YES;
				SDKROOT = iphoneos;
				SWIFT_ACTIVE_COMPILATION_CONDITIONS = DEBUG;
				SWIFT_OPTIMIZATION_LEVEL = "-Onone";
			};
			name = Debug;
		};
		EE10C14F211E8B5600C8FC79 /* Release */ = {
			isa = XCBuildConfiguration;
			buildSettings = {
				ALWAYS_SEARCH_USER_PATHS = NO;
				CLANG_ANALYZER_NONNULL = YES;
				CLANG_ANALYZER_NUMBER_OBJECT_CONVERSION = YES_AGGRESSIVE;
				CLANG_CXX_LANGUAGE_STANDARD = "gnu++14";
				CLANG_CXX_LIBRARY = "libc++";
				CLANG_ENABLE_MODULES = YES;
				CLANG_ENABLE_OBJC_ARC = YES;
				CLANG_ENABLE_OBJC_WEAK = YES;
				CLANG_WARN_BLOCK_CAPTURE_AUTORELEASING = YES;
				CLANG_WARN_BOOL_CONVERSION = YES;
				CLANG_WARN_COMMA = YES;
				CLANG_WARN_CONSTANT_CONVERSION = YES;
				CLANG_WARN_DEPRECATED_OBJC_IMPLEMENTATIONS = YES;
				CLANG_WARN_DIRECT_OBJC_ISA_USAGE = YES_ERROR;
				CLANG_WARN_DOCUMENTATION_COMMENTS = YES;
				CLANG_WARN_EMPTY_BODY = YES;
				CLANG_WARN_ENUM_CONVERSION = YES;
				CLANG_WARN_INFINITE_RECURSION = YES;
				CLANG_WARN_INT_CONVERSION = YES;
				CLANG_WARN_NON_LITERAL_NULL_CONVERSION = YES;
				CLANG_WARN_OBJC_IMPLICIT_RETAIN_SELF = YES;
				CLANG_WARN_OBJC_LITERAL_CONVERSION = YES;
				CLANG_WARN_OBJC_ROOT_CLASS = YES_ERROR;
				CLANG_WARN_RANGE_LOOP_ANALYSIS = YES;
				CLANG_WARN_STRICT_PROTOTYPES = YES;
				CLANG_WARN_SUSPICIOUS_MOVE = YES;
				CLANG_WARN_UNGUARDED_AVAILABILITY = YES_AGGRESSIVE;
				CLANG_WARN_UNREACHABLE_CODE = YES;
				CLANG_WARN__DUPLICATE_METHOD_MATCH = YES;
				CODE_SIGN_IDENTITY = "iPhone Developer";
				COPY_PHASE_STRIP = NO;
				DEBUG_INFORMATION_FORMAT = "dwarf-with-dsym";
				ENABLE_NS_ASSERTIONS = NO;
				ENABLE_STRICT_OBJC_MSGSEND = YES;
				GCC_C_LANGUAGE_STANDARD = gnu11;
				GCC_NO_COMMON_BLOCKS = YES;
				GCC_WARN_64_TO_32_BIT_CONVERSION = YES;
				GCC_WARN_ABOUT_RETURN_TYPE = YES_ERROR;
				GCC_WARN_UNDECLARED_SELECTOR = YES;
				GCC_WARN_UNINITIALIZED_AUTOS = YES_AGGRESSIVE;
				GCC_WARN_UNUSED_FUNCTION = YES;
				GCC_WARN_UNUSED_VARIABLE = YES;
				IPHONEOS_DEPLOYMENT_TARGET = 11.4;
				MTL_ENABLE_DEBUG_INFO = NO;
				SDKROOT = iphoneos;
				SWIFT_COMPILATION_MODE = wholemodule;
				SWIFT_OPTIMIZATION_LEVEL = "-O";
				VALIDATE_PRODUCT = YES;
			};
			name = Release;
		};
		EE10C151211E8B5600C8FC79 /* Debug */ = {
			isa = XCBuildConfiguration;
			buildSettings = {
				ASSETCATALOG_COMPILER_APPICON_NAME = AppIcon;
				CODE_SIGN_STYLE = Automatic;
				DEVELOPMENT_TEAM = 2KX58B2PCS;
				INFOPLIST_FILE = "Goal-Post/Info.plist";
				LD_RUNPATH_SEARCH_PATHS = (
					"$(inherited)",
					"@executable_path/Frameworks",
				);
				PRODUCT_BUNDLE_IDENTIFIER = "com.Deevd.Goal-Post";
				PRODUCT_NAME = "$(TARGET_NAME)";
				SWIFT_VERSION = 4.0;
				TARGETED_DEVICE_FAMILY = "1,2";
			};
			name = Debug;
		};
		EE10C152211E8B5600C8FC79 /* Release */ = {
			isa = XCBuildConfiguration;
			buildSettings = {
				ASSETCATALOG_COMPILER_APPICON_NAME = AppIcon;
				CODE_SIGN_STYLE = Automatic;
				DEVELOPMENT_TEAM = 2KX58B2PCS;
				INFOPLIST_FILE = "Goal-Post/Info.plist";
				LD_RUNPATH_SEARCH_PATHS = (
					"$(inherited)",
					"@executable_path/Frameworks",
				);
				PRODUCT_BUNDLE_IDENTIFIER = "com.Deevd.Goal-Post";
				PRODUCT_NAME = "$(TARGET_NAME)";
				SWIFT_VERSION = 4.0;
				TARGETED_DEVICE_FAMILY = "1,2";
			};
			name = Release;
		};
/* End XCBuildConfiguration section */

/* Begin XCConfigurationList section */
		EE10C136211E8B5500C8FC79 /* Build configuration list for PBXProject "Goal-Post" */ = {
			isa = XCConfigurationList;
			buildConfigurations = (
				EE10C14E211E8B5600C8FC79 /* Debug */,
				EE10C14F211E8B5600C8FC79 /* Release */,
			);
			defaultConfigurationIsVisible = 0;
			defaultConfigurationName = Release;
		};
		EE10C150211E8B5600C8FC79 /* Build configuration list for PBXNativeTarget "Goal-Post" */ = {
			isa = XCConfigurationList;
			buildConfigurations = (
				EE10C151211E8B5600C8FC79 /* Debug */,
				EE10C152211E8B5600C8FC79 /* Release */,
			);
			defaultConfigurationIsVisible = 0;
			defaultConfigurationName = Release;
		};
/* End XCConfigurationList section */

/* Begin XCVersionGroup section */
		EE10C145211E8B5500C8FC79 /* Goal_Post.xcdatamodeld */ = {
			isa = XCVersionGroup;
			children = (
				EE10C146211E8B5500C8FC79 /* Goal_Post.xcdatamodel */,
			);
			currentVersion = EE10C146211E8B5500C8FC79 /* Goal_Post.xcdatamodel */;
			path = Goal_Post.xcdatamodeld;
			sourceTree = "<group>";
			versionGroupType = wrapper.xcdatamodel;
		};
/* End XCVersionGroup section */
	};
	rootObject = EE10C133211E8B5500C8FC79 /* Project object */;
}
